
Microsoft Visual Studio Solution File, Format Version 12.00
# Visual Studio Version 17
VisualStudioVersion = 17.2.32210.308
MinimumVisualStudioVersion = 10.0.40219.1
Project("{FAE04EC0-301F-11D3-BF4B-00C04F79EFBC}") = "SpeedCardMaster", "SpeedCardMaster\SpeedCardMaster.csproj", "{ACCE0BB7-6030-4873-A638-0DCC4393E8EF}"
EndProject
Global
	GlobalSection(SolutionConfigurationPlatforms) = preSolution
		Debug|Any CPU = Debug|Any CPU
		Release|Any CPU = Release|Any CPU
	EndGlobalSection
	GlobalSection(ProjectConfigurationPlatforms) = postSolution
		{ACCE0BB7-6030-4873-A638-0DCC4393E8EF}.Debug|Any CPU.ActiveCfg = Debug|Any CPU
		{ACCE0BB7-6030-4873-A638-0DCC4393E8EF}.Debug|Any CPU.Build.0 = Debug|Any CPU
		{ACCE0BB7-6030-4873-A638-0DCC4393E8EF}.Release|Any CPU.ActiveCfg = Release|Any CPU
		{ACCE0BB7-6030-4873-A638-0DCC4393E8EF}.Release|Any CPU.Build.0 = Release|Any CPU
	EndGlobalSection
	GlobalSection(SolutionProperties) = preSolution
		HideSolutionNode = FALSE
	EndGlobalSection
	GlobalSection(ExtensibilityGlobals) = postSolution
		SolutionGuid = {12A06A42-B496-4E88-960E-AEDE8758D838}
	EndGlobalSection
EndGlobal
